
Microsoft Visual Studio Solution File, Format Version 12.00
# Visual Studio Version 16
VisualStudioVersion = 16.0.31515.178
MinimumVisualStudioVersion = 10.0.40219.1
Project("{FAE04EC0-301F-11D3-BF4B-00C04F79EFBC}") = "InventoryManagement", "InventoryManagement\InventoryManagement.csproj", "{9BB33213-734E-48A0-81B1-A412B0A2BE26}"
EndProject
Global
	GlobalSection(SolutionConfigurationPlatforms) = preSolution
		Debug|Any CPU = Debug|Any CPU
		Release|Any CPU = Release|Any CPU
	EndGlobalSection
	GlobalSection(ProjectConfigurationPlatforms) = postSolution
		{9BB33213-734E-48A0-81B1-A412B0A2BE26}.Debug|Any CPU.ActiveCfg = Debug|Any CPU
		{9BB33213-734E-48A0-81B1-A412B0A2BE26}.Debug|Any CPU.Build.0 = Debug|Any CPU
		{9BB33213-734E-48A0-81B1-A412B0A2BE26}.Release|Any CPU.ActiveCfg = Release|Any CPU
		{9BB33213-734E-48A0-81B1-A412B0A2BE26}.Release|Any CPU.Build.0 = Release|Any CPU
	EndGlobalSection
	GlobalSection(SolutionProperties) = preSolution
		HideSolutionNode = FALSE
	EndGlobalSection
	GlobalSection(ExtensibilityGlobals) = postSolution
		SolutionGuid = {D718334A-A7F8-49FD-B451-77C59BBB1925}
	EndGlobalSection
EndGlobal
